
Microsoft Visual Studio Solution File, Format Version 12.00
# Visual Studio 15
VisualStudioVersion = 15.0.28307.168
MinimumVisualStudioVersion = 10.0.40219.1
Project("{FAE04EC0-301F-11D3-BF4B-00C04F79EFBC}") = "Webservice", "Webservice\Webservice.csproj", "{DA2A227B-0CA1-4989-AF74-F3807F92611A}"
EndProject
Global
	GlobalSection(SolutionConfigurationPlatforms) = preSolution
		Debug|Any CPU = Debug|Any CPU
		Release|Any CPU = Release|Any CPU
	EndGlobalSection
	GlobalSection(ProjectConfigurationPlatforms) = postSolution
		{DA2A227B-0CA1-4989-AF74-F3807F92611A}.Debug|Any CPU.ActiveCfg = Debug|Any CPU
		{DA2A227B-0CA1-4989-AF74-F3807F92611A}.Debug|Any CPU.Build.0 = Debug|Any CPU
		{DA2A227B-0CA1-4989-AF74-F3807F92611A}.Release|Any CPU.ActiveCfg = Release|Any CPU
		{DA2A227B-0CA1-4989-AF74-F3807F92611A}.Release|Any CPU.Build.0 = Release|Any CPU
	EndGlobalSection
	GlobalSection(SolutionProperties) = preSolution
		HideSolutionNode = FALSE
	EndGlobalSection
	GlobalSection(ExtensibilityGlobals) = postSolution
		SolutionGuid = {A91B9740-9E2C-424B-B22D-A4D984168544}
	EndGlobalSection
EndGlobal
